
Microsoft Visual Studio Solution File, Format Version 12.00
# Visual Studio Version 16
VisualStudioVersion = 16.0.30320.27
MinimumVisualStudioVersion = 10.0.40219.1
Project("{FAE04EC0-301F-11D3-BF4B-00C04F79EFBC}") = "Loans", "Loans\Loans.csproj", "{1882ECB0-FBFF-4939-87B0-BB9B29ABFA4F}"
EndProject
Project("{FAE04EC0-301F-11D3-BF4B-00C04F79EFBC}") = "Loans_MVC", "Loans_MVC\Loans_MVC.csproj", "{A4FE869E-A0A9-41F5-B965-68A5FFB82612}"
EndProject
Project("{FAE04EC0-301F-11D3-BF4B-00C04F79EFBC}") = "DataAccess", "DataAccess\DataAccess.csproj", "{D2782DA7-B7D7-4A2D-9E90-08D0897637FE}"
EndProject
Project("{FAE04EC0-301F-11D3-BF4B-00C04F79EFBC}") = "Business", "Business\Business.csproj", "{9CF02144-2FB8-45F2-BE98-5814E3C0B33C}"
EndProject
Project("{FAE04EC0-301F-11D3-BF4B-00C04F79EFBC}") = "ModelALL", "ModelALL\ModelALL.csproj", "{E8AC06DE-FAEF-4B0C-ABC8-4DEA599AE95C}"
EndProject
Global
	GlobalSection(SolutionConfigurationPlatforms) = preSolution
		Debug|Any CPU = Debug|Any CPU
		Release|Any CPU = Release|Any CPU
	EndGlobalSection
	GlobalSection(ProjectConfigurationPlatforms) = postSolution
		{1882ECB0-FBFF-4939-87B0-BB9B29ABFA4F}.Debug|Any CPU.ActiveCfg = Debug|Any CPU
		{1882ECB0-FBFF-4939-87B0-BB9B29ABFA4F}.Debug|Any CPU.Build.0 = Debug|Any CPU
		{1882ECB0-FBFF-4939-87B0-BB9B29ABFA4F}.Release|Any CPU.ActiveCfg = Release|Any CPU
		{1882ECB0-FBFF-4939-87B0-BB9B29ABFA4F}.Release|Any CPU.Build.0 = Release|Any CPU
		{A4FE869E-A0A9-41F5-B965-68A5FFB82612}.Debug|Any CPU.ActiveCfg = Debug|Any CPU
		{A4FE869E-A0A9-41F5-B965-68A5FFB82612}.Debug|Any CPU.Build.0 = Debug|Any CPU
		{A4FE869E-A0A9-41F5-B965-68A5FFB82612}.Release|Any CPU.ActiveCfg = Release|Any CPU
		{A4FE869E-A0A9-41F5-B965-68A5FFB82612}.Release|Any CPU.Build.0 = Release|Any CPU
		{D2782DA7-B7D7-4A2D-9E90-08D0897637FE}.Debug|Any CPU.ActiveCfg = Debug|Any CPU
		{D2782DA7-B7D7-4A2D-9E90-08D0897637FE}.Debug|Any CPU.Build.0 = Debug|Any CPU
		{D2782DA7-B7D7-4A2D-9E90-08D0897637FE}.Release|Any CPU.ActiveCfg = Release|Any CPU
		{D2782DA7-B7D7-4A2D-9E90-08D0897637FE}.Release|Any CPU.Build.0 = Release|Any CPU
		{9CF02144-2FB8-45F2-BE98-5814E3C0B33C}.Debug|Any CPU.ActiveCfg = Debug|Any CPU
		{9CF02144-2FB8-45F2-BE98-5814E3C0B33C}.Debug|Any CPU.Build.0 = Debug|Any CPU
		{9CF02144-2FB8-45F2-BE98-5814E3C0B33C}.Release|Any CPU.ActiveCfg = Release|Any CPU
		{9CF02144-2FB8-45F2-BE98-5814E3C0B33C}.Release|Any CPU.Build.0 = Release|Any CPU
		{E8AC06DE-FAEF-4B0C-ABC8-4DEA599AE95C}.Debug|Any CPU.ActiveCfg = Debug|Any CPU
		{E8AC06DE-FAEF-4B0C-ABC8-4DEA599AE95C}.Debug|Any CPU.Build.0 = Debug|Any CPU
		{E8AC06DE-FAEF-4B0C-ABC8-4DEA599AE95C}.Release|Any CPU.ActiveCfg = Release|Any CPU
		{E8AC06DE-FAEF-4B0C-ABC8-4DEA599AE95C}.Release|Any CPU.Build.0 = Release|Any CPU
	EndGlobalSection
	GlobalSection(SolutionProperties) = preSolution
		HideSolutionNode = FALSE
	EndGlobalSection
	GlobalSection(ExtensibilityGlobals) = postSolution
		SolutionGuid = {280752A7-B0F2-4263-A85E-45056370B05B}
	EndGlobalSection
EndGlobal
